
Microsoft Visual Studio Solution File, Format Version 12.00
# Visual Studio Version 16
VisualStudioVersion = 16.0.31702.278
MinimumVisualStudioVersion = 10.0.40219.1
Project("{FAE04EC0-301F-11D3-BF4B-00C04F79EFBC}") = "TamanyoTexto", "TamanyoTexto\TamanyoTexto.csproj", "{BF85451F-E2BD-4FA3-A6A5-BBAC1D7FD16B}"
EndProject
Global
	GlobalSection(SolutionConfigurationPlatforms) = preSolution
		Debug|Any CPU = Debug|Any CPU
		Release|Any CPU = Release|Any CPU
	EndGlobalSection
	GlobalSection(ProjectConfigurationPlatforms) = postSolution
		{BF85451F-E2BD-4FA3-A6A5-BBAC1D7FD16B}.Debug|Any CPU.ActiveCfg = Debug|Any CPU
		{BF85451F-E2BD-4FA3-A6A5-BBAC1D7FD16B}.Debug|Any CPU.Build.0 = Debug|Any CPU
		{BF85451F-E2BD-4FA3-A6A5-BBAC1D7FD16B}.Release|Any CPU.ActiveCfg = Release|Any CPU
		{BF85451F-E2BD-4FA3-A6A5-BBAC1D7FD16B}.Release|Any CPU.Build.0 = Release|Any CPU
	EndGlobalSection
	GlobalSection(SolutionProperties) = preSolution
		HideSolutionNode = FALSE
	EndGlobalSection
	GlobalSection(ExtensibilityGlobals) = postSolution
		SolutionGuid = {128DF2D6-366D-422F-A157-8EA22E80FE6B}
	EndGlobalSection
EndGlobal
